
Microsoft Visual Studio Solution File, Format Version 12.00
# Visual Studio Version 17
VisualStudioVersion = 17.3.32804.467
MinimumVisualStudioVersion = 10.0.40219.1
Project("{FAE04EC0-301F-11D3-BF4B-00C04F79EFBC}") = "ConsoleApp2", "ConsoleApp2\ConsoleApp2.csproj", "{A994255C-7E0C-4B7F-BACE-5DC09421C865}"
EndProject
Global
	GlobalSection(SolutionConfigurationPlatforms) = preSolution
		Debug|Any CPU = Debug|Any CPU
		Release|Any CPU = Release|Any CPU
	EndGlobalSection
	GlobalSection(ProjectConfigurationPlatforms) = postSolution
		{A994255C-7E0C-4B7F-BACE-5DC09421C865}.Debug|Any CPU.ActiveCfg = Debug|Any CPU
		{A994255C-7E0C-4B7F-BACE-5DC09421C865}.Debug|Any CPU.Build.0 = Debug|Any CPU
		{A994255C-7E0C-4B7F-BACE-5DC09421C865}.Release|Any CPU.ActiveCfg = Release|Any CPU
		{A994255C-7E0C-4B7F-BACE-5DC09421C865}.Release|Any CPU.Build.0 = Release|Any CPU
	EndGlobalSection
	GlobalSection(SolutionProperties) = preSolution
		HideSolutionNode = FALSE
	EndGlobalSection
	GlobalSection(ExtensibilityGlobals) = postSolution
		SolutionGuid = {B68131FD-7EA0-499F-922B-FFC0CB5B5719}
	EndGlobalSection
EndGlobal
